{
  "version": 4,
  "terraform_version": "1.8.4",
  "serial": 13,
  "lineage": "6b9980a4-9418-e6be-c7ad-5cbc0940f293",
  "outputs": {},
  "resources": [
    {
      "mode": "data",
      "type": "aws_ami",
      "name": "latest-ubuntu",
      "provider": "provider[\"registry.terraform.io/hashicorp/aws\"]",
      "instances": [
        {
          "schema_version": 0,
          "attributes": {
            "architecture": "x86_64",
            "arn": "arn:aws:ec2:us-east-2::image/ami-062238dd1881580c4",
            "block_device_mappings": [
              {
                "device_name": "/dev/sda1",
                "ebs": {
                  "delete_on_termination": "true",
                  "encrypted": "false",
                  "iops": "0",
                  "snapshot_id": "snap-0bdf66754799f9874",
                  "throughput": "0",
                  "volume_size": "8",
                  "volume_type": "gp2"
                },
                "no_device": "",
                "virtual_name": ""
              },
              {
                "device_name": "/dev/sdb",
                "ebs": {},
                "no_device": "",
                "virtual_name": "ephemeral0"
              },
              {
                "device_name": "/dev/sdc",
                "ebs": {},
                "no_device": "",
                "virtual_name": "ephemeral1"
              }
            ],
            "boot_mode": "uefi-preferred",
            "creation_date": "2024-06-14T04:33:11.000Z",
            "deprecation_time": "2026-06-14T04:33:11.000Z",
            "description": "Canonical, Ubuntu, 22.04 LTS, amd64 jammy image build on 2024-06-14",
            "ena_support": true,
            "executable_users": null,
            "filter": [
              {
                "name": "name",
                "values": [
                  "ubuntu/images/hvm-ssd/ubuntu-jammy-22.04-amd64-server-*"
                ]
              },
              {
                "name": "virtualization-type",
                "values": [
                  "hvm"
                ]
              }
            ],
            "hypervisor": "xen",
            "id": "ami-062238dd1881580c4",
            "image_id": "ami-062238dd1881580c4",
            "image_location": "amazon/ubuntu/images/hvm-ssd/ubuntu-jammy-22.04-amd64-server-20240614",
            "image_owner_alias": "amazon",
            "image_type": "machine",
            "imds_support": "",
            "include_deprecated": false,
            "kernel_id": "",
            "most_recent": true,
            "name": "ubuntu/images/hvm-ssd/ubuntu-jammy-22.04-amd64-server-20240614",
            "name_regex": null,
            "owner_id": "099720109477",
            "owners": [
              "099720109477"
            ],
            "platform": "",
            "platform_details": "Linux/UNIX",
            "product_codes": [],
            "public": true,
            "ramdisk_id": "",
            "root_device_name": "/dev/sda1",
            "root_device_type": "ebs",
            "root_snapshot_id": "snap-0bdf66754799f9874",
            "sriov_net_support": "simple",
            "state": "available",
            "state_reason": {
              "code": "UNSET",
              "message": "UNSET"
            },
            "tags": {},
            "timeouts": null,
            "tpm_support": "",
            "usage_operation": "RunInstances",
            "virtualization_type": "hvm"
          },
          "sensitive_attributes": []
        }
      ]
    },
    {
      "mode": "data",
      "type": "aws_availability_zones",
      "name": "available",
      "provider": "provider[\"registry.terraform.io/hashicorp/aws\"]",
      "instances": [
        {
          "schema_version": 0,
          "attributes": {
            "all_availability_zones": null,
            "exclude_names": null,
            "exclude_zone_ids": null,
            "filter": null,
            "group_names": [
              "us-east-2"
            ],
            "id": "us-east-2",
            "names": [
              "us-east-2a",
              "us-east-2b",
              "us-east-2c"
            ],
            "state": null,
            "timeouts": null,
            "zone_ids": [
              "use2-az1",
              "use2-az2",
              "use2-az3"
            ]
          },
          "sensitive_attributes": []
        }
      ]
    },
    {
      "mode": "data",
      "type": "aws_ip_ranges",
      "name": "us_east_ip_range",
      "provider": "provider[\"registry.terraform.io/hashicorp/aws\"]",
      "instances": [
        {
          "schema_version": 0,
          "attributes": {
            "cidr_blocks": [
              "100.24.0.0/13",
              "107.20.0.0/14",
              "13.58.0.0/15",
              "136.18.128.0/23",
              "136.18.130.0/23",
              "136.18.132.0/23",
              "136.18.136.0/23",
              "136.18.138.0/23",
              "136.18.254.0/23",
              "136.18.50.0/23",
              "139.56.18.0/23",
              "139.56.20.0/23",
              "139.56.22.0/23",
              "139.56.24.0/23",
              "139.56.26.0/23",
              "139.56.28.0/23",
              "139.56.30.0/23",
              "139.56.34.0/24",
              "142.4.178.0/24",
              "15.177.64.0/23",
              "15.177.66.0/23",
              "15.181.112.0/22",
              "15.181.120.0/21",
              "15.181.144.0/20",
              "15.181.160.0/20",
              "15.181.176.0/20",
              "15.181.192.0/19",
              "15.181.224.0/21",
              "15.181.232.0/21",
              "15.181.240.0/24",
              "15.181.241.0/24",
              "15.181.242.0/24",
              "15.181.243.0/24",
              "15.181.244.0/24",
              "15.181.246.0/24",
              "15.181.247.0/24",
              "15.181.249.0/24",
              "15.181.254.0/24",
              "15.181.32.0/21",
              "15.181.40.0/21",
              "15.181.48.0/20",
              "15.181.80.0/20",
              "15.181.96.0/20",
              "15.193.6.0/24",
              "15.220.120.0/21",
              "15.220.176.0/21",
              "15.220.184.0/21",
              "15.220.196.0/22",
              "15.220.220.0/23",
              "15.220.222.0/23",
              "15.220.233.0/24",
              "15.220.234.0/23",
              "15.220.236.0/22",
              "15.220.248.0/23",
              "15.220.250.0/23",
              "151.148.32.0/24",
              "151.148.36.0/24",
              "155.146.0.0/20",
              "155.146.176.0/20",
              "155.146.192.0/20",
              "155.146.208.0/20",
              "155.146.224.0/20",
              "155.146.240.0/20",
              "155.146.32.0/20",
              "155.146.48.0/20",
              "155.146.64.0/20",
              "155.146.80.0/20",
              "155.146.96.0/20",
              "16.15.176.0/20",
              "16.15.192.0/18",
              "16.56.0.0/18",
              "16.56.128.0/18",
              "161.178.0.0/18",
              "161.178.128.0/18",
              "161.188.0.0/20",
              "161.188.127.0/24",
              "161.188.16.0/20",
              "161.193.0.0/18",
              "162.250.236.0/24",
              "162.250.237.0/24",
              "162.250.238.0/23",
              "173.83.192.0/22",
              "173.83.200.0/22",
              "174.129.0.0/16",
              "18.116.0.0/14",
              "18.188.0.0/16",
              "18.189.0.0/16",
              "18.190.0.0/16",
              "18.191.0.0/16",
              "18.204.0.0/14",
              "18.208.0.0/13",
              "18.216.0.0/14",
              "18.220.0.0/14",
              "18.224.0.0/14",
              "18.232.0.0/14",
              "18.34.0.0/19",
              "18.34.232.0/21",
              "18.34.252.0/22",
              "18.34.72.0/21",
              "18.88.0.0/18",
              "18.89.128.0/18",
              "18.96.0.0/24",
              "18.96.1.0/24",
              "18.96.2.0/24",
              "18.97.0.0/18",
              "18.97.128.0/18",
              "184.72.128.0/17",
              "184.72.64.0/18",
              "184.73.0.0/16",
              "192.157.32.0/24",
              "192.189.196.0/24",
              "192.43.175.0/24",
              "192.43.184.0/24",
              "198.99.2.0/24",
              "204.236.192.0/18",
              "208.110.48.0/20",
              "208.86.88.0/23",
              "216.182.224.0/21",
              "216.182.232.0/22",
              "216.182.238.0/23",
              "23.20.0.0/14",
              "3.12.0.0/16",
              "3.128.0.0/15",
              "3.13.0.0/16",
              "3.130.0.0/16",
              "3.131.0.0/16",
              "3.132.0.0/14",
              "3.136.0.0/13",
              "3.14.0.0/15",
              "3.144.0.0/13",
              "3.16.0.0/14",
              "3.2.0.0/24",
              "3.2.2.0/24",
              "3.2.3.0/24",
              "3.20.0.0/14",
              "3.208.0.0/12",
              "3.224.0.0/12",
              "3.3.2.0/24",
              "3.3.32.0/23",
              "3.3.5.0/24",
              "3.33.34.0/24",
              "3.33.43.0/24",
              "3.4.0.0/24",
              "3.4.1.0/24",
              "3.4.10.0/24",
              "3.4.11.0/24",
              "3.4.2.0/24",
              "3.4.9.0/24",
              "3.5.0.0/19",
              "3.5.128.0/22",
              "3.5.132.0/23",
              "3.80.0.0/12",
              "34.192.0.0/12",
              "34.224.0.0/12",
              "35.153.0.0/16",
              "35.168.0.0/13",
              "35.71.102.0/24",
              "35.71.68.0/22",
              "44.192.0.0/11",
              "46.51.208.0/22",
              "50.16.0.0/15",
              "50.19.0.0/16",
              "52.0.0.0/15",
              "52.14.0.0/16",
              "52.15.0.0/16",
              "52.2.0.0/15",
              "52.20.0.0/14",
              "52.200.0.0/13",
              "52.4.0.0/14",
              "52.44.0.0/15",
              "52.54.0.0/15",
              "52.70.0.0/15",
              "52.72.0.0/15",
              "52.86.0.0/15",
              "52.90.0.0/15",
              "52.94.201.0/26",
              "52.94.248.0/28",
              "52.94.248.160/28",
              "52.95.245.0/24",
              "52.95.251.0/24",
              "52.95.255.80/28",
              "54.112.0.0/18",
              "54.144.0.0/14",
              "54.152.0.0/16",
              "54.156.0.0/14",
              "54.160.0.0/13",
              "54.172.0.0/15",
              "54.174.0.0/15",
              "54.196.0.0/15",
              "54.198.0.0/16",
              "54.204.0.0/15",
              "54.208.0.0/15",
              "54.210.0.0/15",
              "54.221.0.0/16",
              "54.224.0.0/15",
              "54.226.0.0/15",
              "54.234.0.0/15",
              "54.236.0.0/15",
              "54.239.103.128/26",
              "54.242.0.0/15",
              "54.25.15.0/24",
              "54.25.20.0/24",
              "54.25.82.0/24",
              "54.26.166.0/24",
              "54.80.0.0/13",
              "54.88.0.0/14",
              "54.92.128.0/17",
              "63.246.119.0/24",
              "64.187.128.0/20",
              "64.252.64.0/24",
              "64.252.66.0/24",
              "64.252.67.0/24",
              "64.252.68.0/24",
              "64.252.69.0/24",
              "64.252.74.0/24",
              "64.252.75.0/24",
              "64.252.76.0/24",
              "64.252.77.0/24",
              "67.202.0.0/18",
              "68.66.112.0/20",
              "70.232.92.0/22",
              "71.141.0.0/21",
              "72.41.0.0/20",
              "72.44.32.0/19",
              "75.101.128.0/17",
              "96.0.100.0/23",
              "96.0.102.0/23",
              "96.0.104.0/22",
              "96.0.12.0/22",
              "96.0.131.0/24",
              "96.0.152.0/21",
              "96.0.16.0/21",
              "96.0.48.0/21",
              "96.0.56.0/22",
              "96.0.84.0/22",
              "96.0.88.0/22",
              "96.0.92.0/23",
              "96.0.96.0/22",
              "98.80.0.0/13",
              "99.150.0.0/21",
              "99.150.8.0/21",
              "99.151.184.0/23",
              "99.151.190.0/23",
              "99.77.128.0/24",
              "99.77.129.0/24",
              "99.77.131.0/24",
              "99.77.151.0/24",
              "99.77.153.0/24",
              "99.77.162.0/24",
              "99.77.187.0/24",
              "99.77.191.0/24",
              "99.77.252.0/24",
              "99.77.254.0/24"
            ],
            "create_date": "2024-06-14-22-03-07",
            "id": "1718402587",
            "ipv6_cidr_blocks": [
              "2406:da00:ff00::/48",
              "2600:1f00:6000::/40",
              "2600:1f00:8000::/40",
              "2600:1f10:4000::/36",
              "2600:1f10:8000::/36",
              "2600:1f10:c000::/36",
              "2600:1f11:4000::/36",
              "2600:1f11:8000::/36",
              "2600:1f12:4000::/36",
              "2600:1f13:8000::/36",
              "2600:1f14:4000::/36",
              "2600:1f15:4000::/36",
              "2600:1f15:8000::/36",
              "2600:1f16:8000::/36",
              "2600:1f16::/34",
              "2600:1f17:8000::/36",
              "2600:1f18:8000::/36",
              "2600:1f18::/33",
              "2600:1f19:4000::/36",
              "2600:1f19:8000::/36",
              "2600:1f1a:8000::/36",
              "2600:1f1b:4000::/36",
              "2600:1f1c:8000::/36",
              "2600:1f1d:4000::/36",
              "2600:1f1f:4000::/36",
              "2600:1f1f:8000::/36",
              "2600:1f20:8000::/36",
              "2600:1f21:4000::/36",
              "2600:1f21:8000::/36",
              "2600:1f23:8000::/36",
              "2600:1f24:4000::/36",
              "2600:1f25:4000::/36",
              "2600:1f25:8000::/36",
              "2600:1f26:8000::/36",
              "2600:1f26::/36",
              "2600:1f27:8000::/36",
              "2600:1f28:8000::/36",
              "2600:1f28::/36",
              "2600:1f29:4000::/36",
              "2600:1f29:8000::/36",
              "2600:1f2a:8000::/36",
              "2600:1f2b:4000::/36",
              "2600:1f2c:8000::/36",
              "2600:1f2d:4000::/36",
              "2600:1f2f:4000::/36",
              "2600:1f2f:8000::/36",
              "2600:1f60:6000::/40",
              "2600:1f60:8000::/39",
              "2600:1f61:6000::/40",
              "2600:1f61:8000::/39",
              "2600:1f68:6000::/40",
              "2600:1f68:8000::/39",
              "2600:1f69:6000::/40",
              "2600:1f69:8000::/39",
              "2600:1f70:6000::/40",
              "2600:1f70:8000::/39",
              "2600:1fb8:6000::/40",
              "2600:1fb8:8000::/39",
              "2600:1ff0:6000::/40",
              "2600:1ff0:8000::/39",
              "2600:1ff1:6000::/40",
              "2600:1ff1:8000::/39",
              "2600:1ff2:6000::/40",
              "2600:1ff2:8000::/39",
              "2600:1ff5:6000::/40",
              "2600:1ff5:8000::/39",
              "2600:1ff7:8020::/48",
              "2600:1ff7:8021::/48",
              "2600:1ff7:8060::/48",
              "2600:1ff7:8061::/48",
              "2600:1ff7:80c0::/48",
              "2600:1ff7:80c1::/48",
              "2600:1ffb:6040::/46",
              "2600:1ffb:60c0::/48",
              "2600:1ffb:60c1::/48",
              "2600:1ffb:8080::/48",
              "2600:1ffb:8081::/48",
              "2600:1ffb:80a0::/48",
              "2600:1ffb:80a1::/48",
              "2600:1ffd:803f::/48",
              "2600:1ffd:8066::/48",
              "2600:1ffd:807b::/48",
              "2600:1ffd:807f::/48",
              "2600:1ffd:831b::/48",
              "2600:1ffd:833b::/48",
              "2600:1fff:6000::/40",
              "2600:1fff:8000::/40",
              "2600:9000:5201::/48",
              "2600:9000:5203::/48",
              "2600:9000:520f::/48",
              "2600:9000:5210::/48",
              "2600:f000::/39",
              "2600:f00c::/39",
              "2600:f0f0:0:100::/56",
              "2600:f0f0:0:200::/62",
              "2600:f0f0:0:204::/62",
              "2600:f0f0:0:208::/62",
              "2600:f0f0:0:20c::/62",
              "2600:f0f0:0:210::/62",
              "2600:f0f0:0:214::/62",
              "2600:f0f0:0:218::/62",
              "2600:f0f0:0:21c::/62",
              "2600:f0f0:1000::/44",
              "2600:f0f0:1:1f00::/56",
              "2600:f0f0:1:2000::/56",
              "2600:f0f0:1:fd00::/56",
              "2600:f0f0:2::/48",
              "2600:f0f0:30::/44",
              "2600:f0f0:3::/48",
              "2600:f0f0:500::/48",
              "2600:f0f0:6000::/44",
              "2600:f0f0:600:200::/55",
              "2600:f0f0:600::/55",
              "2600:f0f0:6010::/44",
              "2600:f0f0:80::/48",
              "2600:f0f0:81::/48",
              "2600:f0f0:a0::/48",
              "2600:f0f1:8801::/48",
              "2605:9cc0:1ff0:3c00::/56",
              "2605:9cc0:1ff0:400::/56",
              "2605:9cc0:1ff0:500::/56",
              "2605:9cc0:1ff0:600::/56",
              "2605:9cc0:1ff0:700::/56",
              "2605:9cc0:1ff0:8000::/56",
              "2605:9cc0:1ff0:800::/56",
              "2605:9cc0:1ff0:900::/56",
              "2605:9cc0:1ff0::/56",
              "2605:9cc0:1ff0:f800::/56",
              "2605:9cc0:1fff:fc00::/54",
              "2606:f40:8000::/39",
              "2606:f40::/39",
              "2606:f40:fffc::/48",
              "2606:f40:fffe::/48",
              "2620:107:3002::/64",
              "2620:107:4007::/64"
            ],
            "regions": [
              "us-east-1",
              "us-east-2"
            ],
            "services": [
              "ec2"
            ],
            "sync_token": 1718402587,
            "url": "https://ip-ranges.amazonaws.com/ip-ranges.json"
          },
          "sensitive_attributes": []
        }
      ]
    },
    {
      "mode": "managed",
      "type": "aws_instance",
      "name": "MyFirstInstance",
      "provider": "provider[\"registry.terraform.io/hashicorp/aws\"]",
      "instances": [
        {
          "schema_version": 1,
          "attributes": {
            "ami": "ami-062238dd1881580c4",
            "arn": "arn:aws:ec2:us-east-2:053022822739:instance/i-0cf421f39316ef77b",
            "associate_public_ip_address": true,
            "availability_zone": "us-east-2a",
            "capacity_reservation_specification": [
              {
                "capacity_reservation_preference": "open",
                "capacity_reservation_target": []
              }
            ],
            "cpu_core_count": 1,
            "cpu_options": [
              {
                "amd_sev_snp": "",
                "core_count": 1,
                "threads_per_core": 1
              }
            ],
            "cpu_threads_per_core": 1,
            "credit_specification": [
              {
                "cpu_credits": "standard"
              }
            ],
            "disable_api_stop": false,
            "disable_api_termination": false,
            "ebs_block_device": [],
            "ebs_optimized": false,
            "enclave_options": [
              {
                "enabled": false
              }
            ],
            "ephemeral_block_device": [],
            "get_password_data": false,
            "hibernation": false,
            "host_id": "",
            "host_resource_group_arn": null,
            "iam_instance_profile": "",
            "id": "i-0cf421f39316ef77b",
            "instance_initiated_shutdown_behavior": "stop",
            "instance_lifecycle": "",
            "instance_market_options": [],
            "instance_state": "running",
            "instance_type": "t2.micro",
            "ipv6_address_count": 0,
            "ipv6_addresses": [],
            "key_name": "",
            "launch_template": [],
            "maintenance_options": [
              {
                "auto_recovery": "default"
              }
            ],
            "metadata_options": [
              {
                "http_endpoint": "enabled",
                "http_protocol_ipv6": "disabled",
                "http_put_response_hop_limit": 1,
                "http_tokens": "optional",
                "instance_metadata_tags": "disabled"
              }
            ],
            "monitoring": false,
            "network_interface": [],
            "outpost_arn": "",
            "password_data": "",
            "placement_group": "",
            "placement_partition_number": 0,
            "primary_network_interface_id": "eni-05822090907a9d644",
            "private_dns": "ip-172-31-14-177.us-east-2.compute.internal",
            "private_dns_name_options": [
              {
                "enable_resource_name_dns_a_record": false,
                "enable_resource_name_dns_aaaa_record": false,
                "hostname_type": "ip-name"
              }
            ],
            "private_ip": "172.31.14.177",
            "public_dns": "ec2-3-135-196-136.us-east-2.compute.amazonaws.com",
            "public_ip": "3.135.196.136",
            "root_block_device": [
              {
                "delete_on_termination": true,
                "device_name": "/dev/sda1",
                "encrypted": false,
                "iops": 100,
                "kms_key_id": "",
                "tags": {},
                "tags_all": {},
                "throughput": 0,
                "volume_id": "vol-072296fb93cfe2a71",
                "volume_size": 8,
                "volume_type": "gp2"
              }
            ],
            "secondary_private_ips": [],
            "security_groups": [
              "default"
            ],
            "source_dest_check": true,
            "spot_instance_request_id": "",
            "subnet_id": "subnet-07e72f5deea9d0341",
            "tags": {
              "Name": "custom_instance"
            },
            "tags_all": {
              "Name": "custom_instance"
            },
            "tenancy": "default",
            "timeouts": null,
            "user_data": null,
            "user_data_base64": null,
            "user_data_replace_on_change": false,
            "volume_tags": null,
            "vpc_security_group_ids": [
              "sg-0c3f439824f9648cd"
            ]
          },
          "sensitive_attributes": [],
          "private": "eyJlMmJmYjczMC1lY2FhLTExZTYtOGY4OC0zNDM2M2JjN2M0YzAiOnsiY3JlYXRlIjo2MDAwMDAwMDAwMDAsImRlbGV0ZSI6MTIwMDAwMDAwMDAwMCwicmVhZCI6OTAwMDAwMDAwMDAwLCJ1cGRhdGUiOjYwMDAwMDAwMDAwMH0sInNjaGVtYV92ZXJzaW9uIjoiMSJ9",
          "dependencies": [
            "data.aws_ami.latest-ubuntu",
            "data.aws_availability_zones.available"
          ]
        }
      ]
    },
    {
      "mode": "managed",
      "type": "aws_security_group",
      "name": "sg-custom_us_east",
      "provider": "provider[\"registry.terraform.io/hashicorp/aws\"]",
      "instances": [
        {
          "schema_version": 1,
          "attributes": {
            "arn": "arn:aws:ec2:us-east-2:053022822739:security-group/sg-0d57522ee1a5df072",
            "description": "Managed by Terraform",
            "egress": [],
            "id": "sg-0d57522ee1a5df072",
            "ingress": [
              {
                "cidr_blocks": [
                  "100.24.0.0/13",
                  "107.20.0.0/14",
                  "13.58.0.0/15",
                  "136.18.128.0/23",
                  "136.18.130.0/23",
                  "136.18.132.0/23",
                  "136.18.136.0/23",
                  "136.18.138.0/23",
                  "136.18.254.0/23",
                  "136.18.50.0/23",
                  "139.56.18.0/23",
                  "139.56.20.0/23",
                  "139.56.22.0/23",
                  "139.56.24.0/23",
                  "139.56.26.0/23",
                  "139.56.28.0/23",
                  "139.56.30.0/23",
                  "139.56.34.0/24",
                  "142.4.178.0/24",
                  "15.177.64.0/23",
                  "15.177.66.0/23",
                  "15.181.112.0/22",
                  "15.181.120.0/21",
                  "15.181.144.0/20",
                  "15.181.160.0/20",
                  "15.181.176.0/20",
                  "15.181.192.0/19",
                  "15.181.224.0/21",
                  "15.181.232.0/21",
                  "15.181.240.0/24",
                  "15.181.241.0/24",
                  "15.181.242.0/24",
                  "15.181.243.0/24",
                  "15.181.244.0/24",
                  "15.181.246.0/24",
                  "15.181.247.0/24",
                  "15.181.249.0/24",
                  "15.181.254.0/24",
                  "15.181.32.0/21",
                  "15.181.40.0/21",
                  "15.181.48.0/20",
                  "15.181.80.0/20",
                  "15.181.96.0/20",
                  "15.193.6.0/24",
                  "15.220.120.0/21",
                  "15.220.176.0/21",
                  "15.220.184.0/21",
                  "15.220.196.0/22",
                  "15.220.220.0/23",
                  "15.220.222.0/23"
                ],
                "description": "",
                "from_port": 443,
                "ipv6_cidr_blocks": [],
                "prefix_list_ids": [],
                "protocol": "tcp",
                "security_groups": [],
                "self": false,
                "to_port": 443
              }
            ],
            "name": "custom_us_east",
            "name_prefix": "",
            "owner_id": "053022822739",
            "revoke_rules_on_delete": false,
            "tags": {
              "CreateDate": "2024-06-14-22-03-07",
              "SyncToken": "1718402587"
            },
            "tags_all": {
              "CreateDate": "2024-06-14-22-03-07",
              "SyncToken": "1718402587"
            },
            "timeouts": null,
            "vpc_id": "vpc-0db12a61556a7c538"
          },
          "sensitive_attributes": [],
          "private": "eyJlMmJmYjczMC1lY2FhLTExZTYtOGY4OC0zNDM2M2JjN2M0YzAiOnsiY3JlYXRlIjo2MDAwMDAwMDAwMDAsImRlbGV0ZSI6OTAwMDAwMDAwMDAwfSwic2NoZW1hX3ZlcnNpb24iOiIxIn0=",
          "dependencies": [
            "data.aws_ip_ranges.us_east_ip_range"
          ]
        }
      ]
    }
  ],
  "check_results": null
}
